
Microsoft Visual Studio Solution File, Format Version 12.00
# Visual Studio Version 17
VisualStudioVersion = 17.6.33829.357
MinimumVisualStudioVersion = 10.0.40219.1
Project("{9A19103F-16F7-4668-BE54-9A1E7A4F7556}") = "SocialNetwork.Api", "SocialNetwork.Api\SocialNetwork.Api.csproj", "{888950CD-69CD-4E7B-85EA-D09017DBCB8B}"
EndProject
Project("{2150E333-8FDC-42A3-9474-1A3956D46DE8}") = "ApplicationLayer", "ApplicationLayer", "{44D7DB3C-CF78-4E73-AC76-94B952AADE8E}"
EndProject
Project("{2150E333-8FDC-42A3-9474-1A3956D46DE8}") = "Backend", "Backend", "{7C2852C2-C25B-4F1F-B910-1DE2455FC60D}"
EndProject
Project("{2150E333-8FDC-42A3-9474-1A3956D46DE8}") = "Frontend", "Frontend", "{5A59D7FC-8CD4-43B2-9E13-EAE61F23E669}"
EndProject
Project("{54A90642-561A-4BB1-A94E-469ADEE60C69}") = "angular-social-network", "Frontend\angular-social-network\angular-social-network.esproj", "{1644AA07-04EB-4264-BF9A-EFCF072B15EF}"
EndProject
Project("{2150E333-8FDC-42A3-9474-1A3956D46DE8}") = "Testing", "Testing", "{C16258D2-FEA7-47F8-8EE6-33EB18C910B4}"
EndProject
Project("{2150E333-8FDC-42A3-9474-1A3956D46DE8}") = "BusinessLayer", "BusinessLayer", "{F8BCCCB9-86F9-4A42-B99B-05620B79BF10}"
EndProject
Project("{2150E333-8FDC-42A3-9474-1A3956D46DE8}") = "Infrastructure", "Infrastructure", "{2565C746-D942-4529-A3B1-CA71F6BD5F2B}"
EndProject
Project("{9A19103F-16F7-4668-BE54-9A1E7A4F7556}") = "SocialNetwork.Domain", "SocialNetwork.Domain\SocialNetwork.Domain.csproj", "{626758CF-013C-4602-8C12-F7D302A67763}"
EndProject
Project("{9A19103F-16F7-4668-BE54-9A1E7A4F7556}") = "SocialNetwork.Api.Tests", "SocialNetwork.Api.Tests\SocialNetwork.Api.Tests.csproj", "{FBE8F766-09B0-4328-949A-3C08B20059CF}"
EndProject
Project("{9A19103F-16F7-4668-BE54-9A1E7A4F7556}") = "SocialNetwork.Business.Tests", "SocialNetwork.Business.Tests\SocialNetwork.Business.Tests.csproj", "{D1FE4A48-97BD-467C-AA9F-9B501B1B7032}"
EndProject
Project("{9A19103F-16F7-4668-BE54-9A1E7A4F7556}") = "SocialNetwork.DatabaseAccessLayer.Tests", "SocialNetwork.DatabaseAccessLayer.Tests\SocialNetwork.DatabaseAccessLayer.Tests.csproj", "{C8768255-439A-4E9D-A7C6-C476A94EB7D9}"
EndProject
Project("{9A19103F-16F7-4668-BE54-9A1E7A4F7556}") = "SocialNetwork.DataAccessLayer", "SocialNetwork.DataAccessLayer\SocialNetwork.DataAccessLayer.csproj", "{86EFA8E5-2D17-403F-A4F8-0300F7D456B5}"
EndProject
Project("{9A19103F-16F7-4668-BE54-9A1E7A4F7556}") = "SocialNetwork.RepositoryLayer", "SocialNetwork.RepositoryLayer\SocialNetwork.RepositoryLayer.csproj", "{CFE87622-223E-4E9E-AB02-335A369476C8}"
EndProject
Project("{9A19103F-16F7-4668-BE54-9A1E7A4F7556}") = "SocialNetwork.Dto", "SocialNetwork.Dto\SocialNetwork.Dto.csproj", "{CF789508-FB7F-48EE-B95C-FEB70C2AD102}"
EndProject
Project("{9A19103F-16F7-4668-BE54-9A1E7A4F7556}") = "SocialNetwork.Exceptions", "SocialNetwork.Exceptions\SocialNetwork.Exceptions.csproj", "{C23D9CE9-F71B-4934-B4FF-3AEE6B28C22D}"
EndProject
Project("{9A19103F-16F7-4668-BE54-9A1E7A4F7556}") = "SocialNetwork.ServiceLayer", "SocialNetwork.ServiceLayer\SocialNetwork.ServiceLayer.csproj", "{4100E174-F9BE-4DFA-A8A3-75780A87B232}"
EndProject
Project("{FAE04EC0-301F-11D3-BF4B-00C04F79EFBC}") = "SocialNetwork.Interactors", "SocialNetwork.Interactors\SocialNetwork.Interactors.csproj", "{FB13BD53-4DF0-4AFC-9C11-2D77D690D7F3}"
EndProject
Project("{FAE04EC0-301F-11D3-BF4B-00C04F79EFBC}") = "Utils", "Utils\Utils.csproj", "{0DF8CB1D-8432-4D34-AFC5-7870EF3A42C1}"
EndProject
Global
	GlobalSection(SolutionConfigurationPlatforms) = preSolution
		Debug|Any CPU = Debug|Any CPU
		Release|Any CPU = Release|Any CPU
	EndGlobalSection
	GlobalSection(ProjectConfigurationPlatforms) = postSolution
		{888950CD-69CD-4E7B-85EA-D09017DBCB8B}.Debug|Any CPU.ActiveCfg = Debug|Any CPU
		{888950CD-69CD-4E7B-85EA-D09017DBCB8B}.Debug|Any CPU.Build.0 = Debug|Any CPU
		{888950CD-69CD-4E7B-85EA-D09017DBCB8B}.Release|Any CPU.ActiveCfg = Release|Any CPU
		{888950CD-69CD-4E7B-85EA-D09017DBCB8B}.Release|Any CPU.Build.0 = Release|Any CPU
		{1644AA07-04EB-4264-BF9A-EFCF072B15EF}.Debug|Any CPU.ActiveCfg = Debug|Any CPU
		{1644AA07-04EB-4264-BF9A-EFCF072B15EF}.Debug|Any CPU.Build.0 = Debug|Any CPU
		{1644AA07-04EB-4264-BF9A-EFCF072B15EF}.Debug|Any CPU.Deploy.0 = Debug|Any CPU
		{1644AA07-04EB-4264-BF9A-EFCF072B15EF}.Release|Any CPU.ActiveCfg = Release|Any CPU
		{1644AA07-04EB-4264-BF9A-EFCF072B15EF}.Release|Any CPU.Build.0 = Release|Any CPU
		{1644AA07-04EB-4264-BF9A-EFCF072B15EF}.Release|Any CPU.Deploy.0 = Release|Any CPU
		{626758CF-013C-4602-8C12-F7D302A67763}.Debug|Any CPU.ActiveCfg = Debug|Any CPU
		{626758CF-013C-4602-8C12-F7D302A67763}.Debug|Any CPU.Build.0 = Debug|Any CPU
		{626758CF-013C-4602-8C12-F7D302A67763}.Release|Any CPU.ActiveCfg = Release|Any CPU
		{626758CF-013C-4602-8C12-F7D302A67763}.Release|Any CPU.Build.0 = Release|Any CPU
		{FBE8F766-09B0-4328-949A-3C08B20059CF}.Debug|Any CPU.ActiveCfg = Debug|Any CPU
		{FBE8F766-09B0-4328-949A-3C08B20059CF}.Debug|Any CPU.Build.0 = Debug|Any CPU
		{FBE8F766-09B0-4328-949A-3C08B20059CF}.Release|Any CPU.ActiveCfg = Release|Any CPU
		{FBE8F766-09B0-4328-949A-3C08B20059CF}.Release|Any CPU.Build.0 = Release|Any CPU
		{D1FE4A48-97BD-467C-AA9F-9B501B1B7032}.Debug|Any CPU.ActiveCfg = Debug|Any CPU
		{D1FE4A48-97BD-467C-AA9F-9B501B1B7032}.Debug|Any CPU.Build.0 = Debug|Any CPU
		{D1FE4A48-97BD-467C-AA9F-9B501B1B7032}.Release|Any CPU.ActiveCfg = Release|Any CPU
		{D1FE4A48-97BD-467C-AA9F-9B501B1B7032}.Release|Any CPU.Build.0 = Release|Any CPU
		{C8768255-439A-4E9D-A7C6-C476A94EB7D9}.Debug|Any CPU.ActiveCfg = Debug|Any CPU
		{C8768255-439A-4E9D-A7C6-C476A94EB7D9}.Debug|Any CPU.Build.0 = Debug|Any CPU
		{C8768255-439A-4E9D-A7C6-C476A94EB7D9}.Release|Any CPU.ActiveCfg = Release|Any CPU
		{C8768255-439A-4E9D-A7C6-C476A94EB7D9}.Release|Any CPU.Build.0 = Release|Any CPU
		{86EFA8E5-2D17-403F-A4F8-0300F7D456B5}.Debug|Any CPU.ActiveCfg = Debug|Any CPU
		{86EFA8E5-2D17-403F-A4F8-0300F7D456B5}.Debug|Any CPU.Build.0 = Debug|Any CPU
		{86EFA8E5-2D17-403F-A4F8-0300F7D456B5}.Release|Any CPU.ActiveCfg = Release|Any CPU
		{86EFA8E5-2D17-403F-A4F8-0300F7D456B5}.Release|Any CPU.Build.0 = Release|Any CPU
		{CFE87622-223E-4E9E-AB02-335A369476C8}.Debug|Any CPU.ActiveCfg = Debug|Any CPU
		{CFE87622-223E-4E9E-AB02-335A369476C8}.Debug|Any CPU.Build.0 = Debug|Any CPU
		{CFE87622-223E-4E9E-AB02-335A369476C8}.Release|Any CPU.ActiveCfg = Release|Any CPU
		{CFE87622-223E-4E9E-AB02-335A369476C8}.Release|Any CPU.Build.0 = Release|Any CPU
		{CF789508-FB7F-48EE-B95C-FEB70C2AD102}.Debug|Any CPU.ActiveCfg = Debug|Any CPU
		{CF789508-FB7F-48EE-B95C-FEB70C2AD102}.Debug|Any CPU.Build.0 = Debug|Any CPU
		{CF789508-FB7F-48EE-B95C-FEB70C2AD102}.Release|Any CPU.ActiveCfg = Release|Any CPU
		{CF789508-FB7F-48EE-B95C-FEB70C2AD102}.Release|Any CPU.Build.0 = Release|Any CPU
		{C23D9CE9-F71B-4934-B4FF-3AEE6B28C22D}.Debug|Any CPU.ActiveCfg = Debug|Any CPU
		{C23D9CE9-F71B-4934-B4FF-3AEE6B28C22D}.Debug|Any CPU.Build.0 = Debug|Any CPU
		{C23D9CE9-F71B-4934-B4FF-3AEE6B28C22D}.Release|Any CPU.ActiveCfg = Release|Any CPU
		{C23D9CE9-F71B-4934-B4FF-3AEE6B28C22D}.Release|Any CPU.Build.0 = Release|Any CPU
		{4100E174-F9BE-4DFA-A8A3-75780A87B232}.Debug|Any CPU.ActiveCfg = Debug|Any CPU
		{4100E174-F9BE-4DFA-A8A3-75780A87B232}.Debug|Any CPU.Build.0 = Debug|Any CPU
		{4100E174-F9BE-4DFA-A8A3-75780A87B232}.Release|Any CPU.ActiveCfg = Release|Any CPU
		{4100E174-F9BE-4DFA-A8A3-75780A87B232}.Release|Any CPU.Build.0 = Release|Any CPU
		{FB13BD53-4DF0-4AFC-9C11-2D77D690D7F3}.Debug|Any CPU.ActiveCfg = Debug|Any CPU
		{FB13BD53-4DF0-4AFC-9C11-2D77D690D7F3}.Debug|Any CPU.Build.0 = Debug|Any CPU
		{FB13BD53-4DF0-4AFC-9C11-2D77D690D7F3}.Release|Any CPU.ActiveCfg = Release|Any CPU
		{FB13BD53-4DF0-4AFC-9C11-2D77D690D7F3}.Release|Any CPU.Build.0 = Release|Any CPU
		{0DF8CB1D-8432-4D34-AFC5-7870EF3A42C1}.Debug|Any CPU.ActiveCfg = Debug|Any CPU
		{0DF8CB1D-8432-4D34-AFC5-7870EF3A42C1}.Debug|Any CPU.Build.0 = Debug|Any CPU
		{0DF8CB1D-8432-4D34-AFC5-7870EF3A42C1}.Release|Any CPU.ActiveCfg = Release|Any CPU
		{0DF8CB1D-8432-4D34-AFC5-7870EF3A42C1}.Release|Any CPU.Build.0 = Release|Any CPU
	EndGlobalSection
	GlobalSection(SolutionProperties) = preSolution
		HideSolutionNode = FALSE
	EndGlobalSection
	GlobalSection(NestedProjects) = preSolution
		{888950CD-69CD-4E7B-85EA-D09017DBCB8B} = {7C2852C2-C25B-4F1F-B910-1DE2455FC60D}
		{7C2852C2-C25B-4F1F-B910-1DE2455FC60D} = {44D7DB3C-CF78-4E73-AC76-94B952AADE8E}
		{5A59D7FC-8CD4-43B2-9E13-EAE61F23E669} = {44D7DB3C-CF78-4E73-AC76-94B952AADE8E}
		{1644AA07-04EB-4264-BF9A-EFCF072B15EF} = {5A59D7FC-8CD4-43B2-9E13-EAE61F23E669}
		{626758CF-013C-4602-8C12-F7D302A67763} = {2565C746-D942-4529-A3B1-CA71F6BD5F2B}
		{FBE8F766-09B0-4328-949A-3C08B20059CF} = {C16258D2-FEA7-47F8-8EE6-33EB18C910B4}
		{D1FE4A48-97BD-467C-AA9F-9B501B1B7032} = {C16258D2-FEA7-47F8-8EE6-33EB18C910B4}
		{C8768255-439A-4E9D-A7C6-C476A94EB7D9} = {C16258D2-FEA7-47F8-8EE6-33EB18C910B4}
		{86EFA8E5-2D17-403F-A4F8-0300F7D456B5} = {2565C746-D942-4529-A3B1-CA71F6BD5F2B}
		{CFE87622-223E-4E9E-AB02-335A369476C8} = {2565C746-D942-4529-A3B1-CA71F6BD5F2B}
		{CF789508-FB7F-48EE-B95C-FEB70C2AD102} = {F8BCCCB9-86F9-4A42-B99B-05620B79BF10}
		{C23D9CE9-F71B-4934-B4FF-3AEE6B28C22D} = {F8BCCCB9-86F9-4A42-B99B-05620B79BF10}
		{4100E174-F9BE-4DFA-A8A3-75780A87B232} = {F8BCCCB9-86F9-4A42-B99B-05620B79BF10}
		{FB13BD53-4DF0-4AFC-9C11-2D77D690D7F3} = {F8BCCCB9-86F9-4A42-B99B-05620B79BF10}
		{0DF8CB1D-8432-4D34-AFC5-7870EF3A42C1} = {F8BCCCB9-86F9-4A42-B99B-05620B79BF10}
	EndGlobalSection
	GlobalSection(ExtensibilityGlobals) = postSolution
		SolutionGuid = {E32BF08B-6F70-4B6F-BC62-2A4C9CA82317}
	EndGlobalSection
EndGlobal
